// !$*UTF8*$!
{
	archiveVersion = 1;
	classes = {
	};
	objectVersion = 46;
	objects = {

/* Begin PBXBuildFile section */
		035C62AC1AB71E860064D580 /* AppDelegate.swift in Sources */ = {isa = PBXBuildFile; fileRef = 035C62AB1AB71E860064D580 /* AppDelegate.swift */; };
		035C62AE1AB71E860064D580 /* ViewController.swift in Sources */ = {isa = PBXBuildFile; fileRef = 035C62AD1AB71E860064D580 /* ViewController.swift */; };
		035C62B11AB71E860064D580 /* Main.storyboard in Resources */ = {isa = PBXBuildFile; fileRef = 035C62AF1AB71E860064D580 /* Main.storyboard */; };
		035C62B31AB71E860064D580 /* Images.xcassets in Resources */ = {isa = PBXBuildFile; fileRef = 035C62B21AB71E860064D580 /* Images.xcassets */; };
		035C62B61AB71E860064D580 /* LaunchScreen.xib in Resources */ = {isa = PBXBuildFile; fileRef = 035C62B41AB71E860064D580 /* LaunchScreen.xib */; };
		035C62C21AB71E860064D580 /* PlanetsTests.swift in Sources */ = {isa = PBXBuildFile; fileRef = 035C62C11AB71E860064D580 /* PlanetsTests.swift */; };
		035C62CD1AB7221D0064D580 /* Planetoids.swift in Sources */ = {isa = PBXBuildFile; fileRef = 035C62CC1AB7221D0064D580 /* Planetoids.swift */; };
		035C62D41AB7501A0064D580 /* GameScene.swift in Sources */ = {isa = PBXBuildFile; fileRef = 035C62D31AB7501A0064D580 /* GameScene.swift */; };
		035C63081AB77BE50064D580 /* ColorExtensions.swift in Sources */ = {isa = PBXBuildFile; fileRef = 035C63071AB77BE50064D580 /* ColorExtensions.swift */; };
		035C630A1AB7884D0064D580 /* Nodes.swift in Sources */ = {isa = PBXBuildFile; fileRef = 035C63091AB7884D0064D580 /* Nodes.swift */; };
		035C630C1AB7898F0064D580 /* NumberExtensions.swift in Sources */ = {isa = PBXBuildFile; fileRef = 035C630B1AB7898F0064D580 /* NumberExtensions.swift */; };
/* End PBXBuildFile section */

/* Begin PBXContainerItemProxy section */
		035C62BC1AB71E860064D580 /* PBXContainerItemProxy */ = {
			isa = PBXContainerItemProxy;
			containerPortal = 035C629E1AB71E860064D580 /* Project object */;
			proxyType = 1;
			remoteGlobalIDString = 035C62A51AB71E860064D580;
			remoteInfo = Planets;
		};
/* End PBXContainerItemProxy section */

/* Begin PBXFileReference section */
		035C62A61AB71E860064D580 /* Planets.app */ = {isa = PBXFileReference; explicitFileType = wrapper.application; includeInIndex = 0; path = Planets.app; sourceTree = BUILT_PRODUCTS_DIR; };
		035C62AA1AB71E860064D580 /* Info.plist */ = {isa = PBXFileReference; lastKnownFileType = text.plist.xml; path = Info.plist; sourceTree = "<group>"; };
		035C62AB1AB71E860064D580 /* AppDelegate.swift */ = {isa = PBXFileReference; lastKnownFileType = sourcecode.swift; path = AppDelegate.swift; sourceTree = "<group>"; };
		035C62AD1AB71E860064D580 /* ViewController.swift */ = {isa = PBXFileReference; lastKnownFileType = sourcecode.swift; path = ViewController.swift; sourceTree = "<group>"; };
		035C62B01AB71E860064D580 /* Base */ = {isa = PBXFileReference; lastKnownFileType = file.storyboard; name = Base; path = Base.lproj/Main.storyboard; sourceTree = "<group>"; };
		035C62B21AB71E860064D580 /* Images.xcassets */ = {isa = PBXFileReference; lastKnownFileType = folder.assetcatalog; path = Images.xcassets; sourceTree = "<group>"; };
		035C62B51AB71E860064D580 /* Base */ = {isa = PBXFileReference; lastKnownFileType = file.xib; name = Base; path = Base.lproj/LaunchScreen.xib; sourceTree = "<group>"; };
		035C62BB1AB71E860064D580 /* PlanetsTests.xctest */ = {isa = PBXFileReference; explicitFileType = wrapper.cfbundle; includeInIndex = 0; path = PlanetsTests.xctest; sourceTree = BUILT_PRODUCTS_DIR; };
		035C62C01AB71E860064D580 /* Info.plist */ = {isa = PBXFileReference; lastKnownFileType = text.plist.xml; path = Info.plist; sourceTree = "<group>"; };
		035C62C11AB71E860064D580 /* PlanetsTests.swift */ = {isa = PBXFileReference; lastKnownFileType = sourcecode.swift; path = PlanetsTests.swift; sourceTree = "<group>"; };
		035C62CC1AB7221D0064D580 /* Planetoids.swift */ = {isa = PBXFileReference; fileEncoding = 4; lastKnownFileType = sourcecode.swift; path = Planetoids.swift; sourceTree = "<group>"; };
		035C62D31AB7501A0064D580 /* GameScene.swift */ = {isa = PBXFileReference; fileEncoding = 4; lastKnownFileType = sourcecode.swift; path = GameScene.swift; sourceTree = "<group>"; };
		035C63071AB77BE50064D580 /* ColorExtensions.swift */ = {isa = PBXFileReference; fileEncoding = 4; lastKnownFileType = sourcecode.swift; path = ColorExtensions.swift; sourceTree = "<group>"; };
		035C63091AB7884D0064D580 /* Nodes.swift */ = {isa = PBXFileReference; fileEncoding = 4; lastKnownFileType = sourcecode.swift; path = Nodes.swift; sourceTree = "<group>"; };
		035C630B1AB7898F0064D580 /* NumberExtensions.swift */ = {isa = PBXFileReference; fileEncoding = 4; lastKnownFileType = sourcecode.swift; path = NumberExtensions.swift; sourceTree = "<group>"; };
/* End PBXFileReference section */

/* Begin PBXFrameworksBuildPhase section */
		035C62A31AB71E860064D580 /* Frameworks */ = {
			isa = PBXFrameworksBuildPhase;
			buildActionMask = 2147483647;
			files = (
			);
			runOnlyForDeploymentPostprocessing = 0;
		};
		035C62B81AB71E860064D580 /* Frameworks */ = {
			isa = PBXFrameworksBuildPhase;
			buildActionMask = 2147483647;
			files = (
			);
			runOnlyForDeploymentPostprocessing = 0;
		};
/* End PBXFrameworksBuildPhase section */

/* Begin PBXGroup section */
		035C629D1AB71E860064D580 = {
			isa = PBXGroup;
			children = (
				035C62A81AB71E860064D580 /* Planets */,
				035C62BE1AB71E860064D580 /* PlanetsTests */,
				035C62A71AB71E860064D580 /* Products */,
			);
			sourceTree = "<group>";
		};
		035C62A71AB71E860064D580 /* Products */ = {
			isa = PBXGroup;
			children = (
				035C62A61AB71E860064D580 /* Planets.app */,
				035C62BB1AB71E860064D580 /* PlanetsTests.xctest */,
			);
			name = Products;
			sourceTree = "<group>";
		};
		035C62A81AB71E860064D580 /* Planets */ = {
			isa = PBXGroup;
			children = (
				035C62D21AB74D4A0064D580 /* Helper */,
				035C62D11AB74D480064D580 /* Scene */,
				035C62CE1AB74C7D0064D580 /* Sprite */,
				035C62CB1AB71E8E0064D580 /* Model */,
				035C62AB1AB71E860064D580 /* AppDelegate.swift */,
				035C62AD1AB71E860064D580 /* ViewController.swift */,
				035C62AF1AB71E860064D580 /* Main.storyboard */,
				035C62B21AB71E860064D580 /* Images.xcassets */,
				035C62B41AB71E860064D580 /* LaunchScreen.xib */,
				035C62A91AB71E860064D580 /* Supporting Files */,
			);
			path = Planets;
			sourceTree = "<group>";
		};
		035C62A91AB71E860064D580 /* Supporting Files */ = {
			isa = PBXGroup;
			children = (
				035C62AA1AB71E860064D580 /* Info.plist */,
			);
			name = "Supporting Files";
			sourceTree = "<group>";
		};
		035C62BE1AB71E860064D580 /* PlanetsTests */ = {
			isa = PBXGroup;
			children = (
				035C62C11AB71E860064D580 /* PlanetsTests.swift */,
				035C62BF1AB71E860064D580 /* Supporting Files */,
			);
			path = PlanetsTests;
			sourceTree = "<group>";
		};
		035C62BF1AB71E860064D580 /* Supporting Files */ = {
			isa = PBXGroup;
			children = (
				035C62C01AB71E860064D580 /* Info.plist */,
			);
			name = "Supporting Files";
			sourceTree = "<group>";
		};
		035C62CB1AB71E8E0064D580 /* Model */ = {
			isa = PBXGroup;
			children = (
				035C62CC1AB7221D0064D580 /* Planetoids.swift */,
			);
			name = Model;
			sourceTree = "<group>";
		};
		035C62CE1AB74C7D0064D580 /* Sprite */ = {
			isa = PBXGroup;
			children = (
				035C63091AB7884D0064D580 /* Nodes.swift */,
			);
			name = Sprite;
			sourceTree = "<group>";
		};
		035C62D11AB74D480064D580 /* Scene */ = {
			isa = PBXGroup;
			children = (
				035C62D31AB7501A0064D580 /* GameScene.swift */,
			);
			name = Scene;
			sourceTree = "<group>";
		};
		035C62D21AB74D4A0064D580 /* Helper */ = {
			isa = PBXGroup;
			children = (
				035C63071AB77BE50064D580 /* ColorExtensions.swift */,
				035C630B1AB7898F0064D580 /* NumberExtensions.swift */,
			);
			name = Helper;
			sourceTree = "<group>";
		};
/* End PBXGroup section */

/* Begin PBXNativeTarget section */
		035C62A51AB71E860064D580 /* Planets */ = {
			isa = PBXNativeTarget;
			buildConfigurationList = 035C62C51AB71E860064D580 /* Build configuration list for PBXNativeTarget "Planets" */;
			buildPhases = (
				035C62A21AB71E860064D580 /* Sources */,
				035C62A31AB71E860064D580 /* Frameworks */,
				035C62A41AB71E860064D580 /* Resources */,
			);
			buildRules = (
			);
			dependencies = (
			);
			name = Planets;
			productName = Planets;
			productReference = 035C62A61AB71E860064D580 /* Planets.app */;
			productType = "com.apple.product-type.application";
		};
		035C62BA1AB71E860064D580 /* PlanetsTests */ = {
			isa = PBXNativeTarget;
			buildConfigurationList = 035C62C81AB71E860064D580 /* Build configuration list for PBXNativeTarget "PlanetsTests" */;
			buildPhases = (
				035C62B71AB71E860064D580 /* Sources */,
				035C62B81AB71E860064D580 /* Frameworks */,
				035C62B91AB71E860064D580 /* Resources */,
			);
			buildRules = (
			);
			dependencies = (
				035C62BD1AB71E860064D580 /* PBXTargetDependency */,
			);
			name = PlanetsTests;
			productName = PlanetsTests;
			productReference = 035C62BB1AB71E860064D580 /* PlanetsTests.xctest */;
			productType = "com.apple.product-type.bundle.unit-test";
		};
/* End PBXNativeTarget section */

/* Begin PBXProject section */
		035C629E1AB71E860064D580 /* Project object */ = {
			isa = PBXProject;
			attributes = {
				LastUpgradeCheck = 0620;
				ORGANIZATIONNAME = sizeof.io;
				TargetAttributes = {
					035C62A51AB71E860064D580 = {
						CreatedOnToolsVersion = 6.2;
					};
					035C62BA1AB71E860064D580 = {
						CreatedOnToolsVersion = 6.2;
						TestTargetID = 035C62A51AB71E860064D580;
					};
				};
			};
			buildConfigurationList = 035C62A11AB71E860064D580 /* Build configuration list for PBXProject "Planets" */;
			compatibilityVersion = "Xcode 3.2";
			developmentRegion = English;
			hasScannedForEncodings = 0;
			knownRegions = (
				en,
				Base,
			);
			mainGroup = 035C629D1AB71E860064D580;
			productRefGroup = 035C62A71AB71E860064D580 /* Products */;
			projectDirPath = "";
			projectRoot = "";
			targets = (
				035C62A51AB71E860064D580 /* Planets */,
				035C62BA1AB71E860064D580 /* PlanetsTests */,
			);
		};
/* End PBXProject section */

/* Begin PBXResourcesBuildPhase section */
		035C62A41AB71E860064D580 /* Resources */ = {
			isa = PBXResourcesBuildPhase;
			buildActionMask = 2147483647;
			files = (
				035C62B11AB71E860064D580 /* Main.storyboard in Resources */,
				035C62B61AB71E860064D580 /* LaunchScreen.xib in Resources */,
				035C62B31AB71E860064D580 /* Images.xcassets in Resources */,
			);
			runOnlyForDeploymentPostprocessing = 0;
		};
		035C62B91AB71E860064D580 /* Resources */ = {
			isa = PBXResourcesBuildPhase;
			buildActionMask = 2147483647;
			files = (
			);
			runOnlyForDeploymentPostprocessing = 0;
		};
/* End PBXResourcesBuildPhase section */

/* Begin PBXSourcesBuildPhase section */
		035C62A21AB71E860064D580 /* Sources */ = {
			isa = PBXSourcesBuildPhase;
			buildActionMask = 2147483647;
			files = (
				035C62D41AB7501A0064D580 /* GameScene.swift in Sources */,
				035C62CD1AB7221D0064D580 /* Planetoids.swift in Sources */,
				035C630C1AB7898F0064D580 /* NumberExtensions.swift in Sources */,
				035C62AE1AB71E860064D580 /* ViewController.swift in Sources */,
				035C62AC1AB71E860064D580 /* AppDelegate.swift in Sources */,
				035C630A1AB7884D0064D580 /* Nodes.swift in Sources */,
				035C63081AB77BE50064D580 /* ColorExtensions.swift in Sources */,
			);
			runOnlyForDeploymentPostprocessing = 0;
		};
		035C62B71AB71E860064D580 /* Sources */ = {
			isa = PBXSourcesBuildPhase;
			buildActionMask = 2147483647;
			files = (
				035C62C21AB71E860064D580 /* PlanetsTests.swift in Sources */,
			);
			runOnlyForDeploymentPostprocessing = 0;
		};
/* End PBXSourcesBuildPhase section */

/* Begin PBXTargetDependency section */
		035C62BD1AB71E860064D580 /* PBXTargetDependency */ = {
			isa = PBXTargetDependency;
			target = 035C62A51AB71E860064D580 /* Planets */;
			targetProxy = 035C62BC1AB71E860064D580 /* PBXContainerItemProxy */;
		};
/* End PBXTargetDependency section */

/* Begin PBXVariantGroup section */
		035C62AF1AB71E860064D580 /* Main.storyboard */ = {
			isa = PBXVariantGroup;
			children = (
				035C62B01AB71E860064D580 /* Base */,
			);
			name = Main.storyboard;
			sourceTree = "<group>";
		};
		035C62B41AB71E860064D580 /* LaunchScreen.xib */ = {
			isa = PBXVariantGroup;
			children = (
				035C62B51AB71E860064D580 /* Base */,
			);
			name = LaunchScreen.xib;
			sourceTree = "<group>";
		};
/* End PBXVariantGroup section */

/* Begin XCBuildConfiguration section */
		035C62C31AB71E860064D580 /* Debug */ = {
			isa = XCBuildConfiguration;
			buildSettings = {
				ALWAYS_SEARCH_USER_PATHS = NO;
				CLANG_CXX_LANGUAGE_STANDARD = "gnu++0x";
				CLANG_CXX_LIBRARY = "libc++";
				CLANG_ENABLE_MODULES = YES;
				CLANG_ENABLE_OBJC_ARC = YES;
				CLANG_WARN_BOOL_CONVERSION = YES;
				CLANG_WARN_CONSTANT_CONVERSION = YES;
				CLANG_WARN_DIRECT_OBJC_ISA_USAGE = YES_ERROR;
				CLANG_WARN_EMPTY_BODY = YES;
				CLANG_WARN_ENUM_CONVERSION = YES;
				CLANG_WARN_INT_CONVERSION = YES;
				CLANG_WARN_OBJC_ROOT_CLASS = YES_ERROR;
				CLANG_WARN_UNREACHABLE_CODE = YES;
				CLANG_WARN__DUPLICATE_METHOD_MATCH = YES;
				"CODE_SIGN_IDENTITY[sdk=iphoneos*]" = "iPhone Developer";
				COPY_PHASE_STRIP = NO;
				ENABLE_STRICT_OBJC_MSGSEND = YES;
				GCC_C_LANGUAGE_STANDARD = gnu99;
				GCC_DYNAMIC_NO_PIC = NO;
				GCC_OPTIMIZATION_LEVEL = 0;
				GCC_PREPROCESSOR_DEFINITIONS = (
					"DEBUG=1",
					"$(inherited)",
				);
				GCC_SYMBOLS_PRIVATE_EXTERN = NO;
				GCC_WARN_64_TO_32_BIT_CONVERSION = YES;
				GCC_WARN_ABOUT_RETURN_TYPE = YES_ERROR;
				GCC_WARN_UNDECLARED_SELECTOR = YES;
				GCC_WARN_UNINITIALIZED_AUTOS = YES_AGGRESSIVE;
				GCC_WARN_UNUSED_FUNCTION = YES;
				GCC_WARN_UNUSED_VARIABLE = YES;
				IPHONEOS_DEPLOYMENT_TARGET = 8.2;
				MTL_ENABLE_DEBUG_INFO = YES;
				ONLY_ACTIVE_ARCH = YES;
				SDKROOT = iphoneos;
				SWIFT_OPTIMIZATION_LEVEL = "-Onone";
			};
			name = Debug;
		};
		035C62C41AB71E860064D580 /* Release */ = {
			isa = XCBuildConfiguration;
			buildSettings = {
				ALWAYS_SEARCH_USER_PATHS = NO;
				CLANG_CXX_LANGUAGE_STANDARD = "gnu++0x";
				CLANG_CXX_LIBRARY = "libc++";
				CLANG_ENABLE_MODULES = YES;
				CLANG_ENABLE_OBJC_ARC = YES;
				CLANG_WARN_BOOL_CONVERSION = YES;
				CLANG_WARN_CONSTANT_CONVERSION = YES;
				CLANG_WARN_DIRECT_OBJC_ISA_USAGE = YES_ERROR;
				CLANG_WARN_EMPTY_BODY = YES;
				CLANG_WARN_ENUM_CONVERSION = YES;
				CLANG_WARN_INT_CONVERSION = YES;
				CLANG_WARN_OBJC_ROOT_CLASS = YES_ERROR;
				CLANG_WARN_UNREACHABLE_CODE = YES;
				CLANG_WARN__DUPLICATE_METHOD_MATCH = YES;
				"CODE_SIGN_IDENTITY[sdk=iphoneos*]" = "iPhone Developer";
				COPY_PHASE_STRIP = NO;
				ENABLE_NS_ASSERTIONS = NO;
				ENABLE_STRICT_OBJC_MSGSEND = YES;
				GCC_C_LANGUAGE_STANDARD = gnu99;
				GCC_WARN_64_TO_32_BIT_CONVERSION = YES;
				GCC_WARN_ABOUT_RETURN_TYPE = YES_ERROR;
				GCC_WARN_UNDECLARED_SELECTOR = YES;
				GCC_WARN_UNINITIALIZED_AUTOS = YES_AGGRESSIVE;
				GCC_WARN_UNUSED_FUNCTION = YES;
				GCC_WARN_UNUSED_VARIABLE = YES;
				IPHONEOS_DEPLOYMENT_TARGET = 8.2;
				MTL_ENABLE_DEBUG_INFO = NO;
				SDKROOT = iphoneos;
				VALIDATE_PRODUCT = YES;
			};
			name = Release;
		};
		035C62C61AB71E860064D580 /* Debug */ = {
			isa = XCBuildConfiguration;
			buildSettings = {
				ASSETCATALOG_COMPILER_APPICON_NAME = AppIcon;
				INFOPLIST_FILE = Planets/Info.plist;
				IPHONEOS_DEPLOYMENT_TARGET = 8.0;
				LD_RUNPATH_SEARCH_PATHS = "$(inherited) @executable_path/Frameworks";
				PRODUCT_NAME = "$(TARGET_NAME)";
			};
			name = Debug;
		};
		035C62C71AB71E860064D580 /* Release */ = {
			isa = XCBuildConfiguration;
			buildSettings = {
				ASSETCATALOG_COMPILER_APPICON_NAME = AppIcon;
				INFOPLIST_FILE = Planets/Info.plist;
				IPHONEOS_DEPLOYMENT_TARGET = 8.0;
				LD_RUNPATH_SEARCH_PATHS = "$(inherited) @executable_path/Frameworks";
				PRODUCT_NAME = "$(TARGET_NAME)";
			};
			name = Release;
		};
		035C62C91AB71E860064D580 /* Debug */ = {
			isa = XCBuildConfiguration;
			buildSettings = {
				BUNDLE_LOADER = "$(TEST_HOST)";
				FRAMEWORK_SEARCH_PATHS = (
					"$(SDKROOT)/Developer/Library/Frameworks",
					"$(inherited)",
				);
				GCC_PREPROCESSOR_DEFINITIONS = (
					"DEBUG=1",
					"$(inherited)",
				);
				INFOPLIST_FILE = PlanetsTests/Info.plist;
				IPHONEOS_DEPLOYMENT_TARGET = 8.0;
				LD_RUNPATH_SEARCH_PATHS = "$(inherited) @executable_path/Frameworks @loader_path/Frameworks";
				PRODUCT_NAME = "$(TARGET_NAME)";
				TEST_HOST = "$(BUILT_PRODUCTS_DIR)/Planets.app/Planets";
			};
			name = Debug;
		};
		035C62CA1AB71E860064D580 /* Release */ = {
			isa = XCBuildConfiguration;
			buildSettings = {
				BUNDLE_LOADER = "$(TEST_HOST)";
				FRAMEWORK_SEARCH_PATHS = (
					"$(SDKROOT)/Developer/Library/Frameworks",
					"$(inherited)",
				);
				INFOPLIST_FILE = PlanetsTests/Info.plist;
				IPHONEOS_DEPLOYMENT_TARGET = 8.0;
				LD_RUNPATH_SEARCH_PATHS = "$(inherited) @executable_path/Frameworks @loader_path/Frameworks";
				PRODUCT_NAME = "$(TARGET_NAME)";
				TEST_HOST = "$(BUILT_PRODUCTS_DIR)/Planets.app/Planets";
			};
			name = Release;
		};
/* End XCBuildConfiguration section */

/* Begin XCConfigurationList section */
		035C62A11AB71E860064D580 /* Build configuration list for PBXProject "Planets" */ = {
			isa = XCConfigurationList;
			buildConfigurations = (
				035C62C31AB71E860064D580 /* Debug */,
				035C62C41AB71E860064D580 /* Release */,
			);
			defaultConfigurationIsVisible = 0;
			defaultConfigurationName = Release;
		};
		035C62C51AB71E860064D580 /* Build configuration list for PBXNativeTarget "Planets" */ = {
			isa = XCConfigurationList;
			buildConfigurations = (
				035C62C61AB71E860064D580 /* Debug */,
				035C62C71AB71E860064D580 /* Release */,
			);
			defaultConfigurationIsVisible = 0;
			defaultConfigurationName = Release;
		};
		035C62C81AB71E860064D580 /* Build configuration list for PBXNativeTarget "PlanetsTests" */ = {
			isa = XCConfigurationList;
			buildConfigurations = (
				035C62C91AB71E860064D580 /* Debug */,
				035C62CA1AB71E860064D580 /* Release */,
			);
			defaultConfigurationIsVisible = 0;
			defaultConfigurationName = Release;
		};
/* End XCConfigurationList section */
	};
	rootObject = 035C629E1AB71E860064D580 /* Project object */;
}
